
Microsoft Visual Studio Solution File, Format Version 12.00
# Visual Studio 15
VisualStudioVersion = 15.0.27428.2043
MinimumVisualStudioVersion = 10.0.40219.1
Project("{8BC9CEB8-8B4A-11D0-8D11-00A0C91BC942}") = "Heating", "Heating\Heating.vcxproj", "{C5F80730-F44F-4478-BDAE-6634EFC2CA88}"
EndProject
Project("{8BC9CEB8-8B4A-11D0-8D11-00A0C91BC942}") = "SD", "..\..\..\..\Arduino\libraries\SD\SD.vcxitems", "{6B741293-CD95-4EEE-A1AA-75ED00F5A271}"
EndProject
Project("{8BC9CEB8-8B4A-11D0-8D11-00A0C91BC942}") = "IniFile", "..\..\..\..\Arduino\libraries\IniFile\IniFile.vcxitems", "{0ED0AB26-4EB0-4523-8B27-7BDD3D3F1A0A}"
EndProject
Project("{8BC9CEB8-8B4A-11D0-8D11-00A0C91BC942}") = "MemoryFree-master", "..\..\..\..\Arduino\libraries\MemoryFree-master\MemoryFree-master.vcxitems", "{7997EC65-403B-4507-84D0-343C9D560F2D}"
EndProject
Project("{8BC9CEB8-8B4A-11D0-8D11-00A0C91BC942}") = "OneWire", "..\..\..\..\Arduino\libraries\OneWire\OneWire.vcxitems", "{08935E8D-79DE-4941-AA22-D0DCBD8A2F1E}"
EndProject
Project("{8BC9CEB8-8B4A-11D0-8D11-00A0C91BC942}") = "DallasTemperature", "..\..\..\..\Arduino\libraries\DallasTemperature\DallasTemperature.vcxitems", "{F5AD8F6D-DD19-4D2A-AD0C-3402F245880A}"
EndProject
Project("{8BC9CEB8-8B4A-11D0-8D11-00A0C91BC942}") = "RTClib", "..\..\..\..\Arduino\libraries\RTClib\RTClib.vcxitems", "{A8F3BF2B-EC42-4D22-AD8B-0130A066C309}"
EndProject
Project("{8BC9CEB8-8B4A-11D0-8D11-00A0C91BC942}") = "DS3232RTC", "..\..\..\..\Arduino\libraries\DS3232RTC\DS3232RTC.vcxitems", "{BCF4938E-E2F8-4E11-95FE-8AB1F9A2DA72}"
EndProject
Project("{8BC9CEB8-8B4A-11D0-8D11-00A0C91BC942}") = "Arduino-Websocket", "..\..\..\..\Arduino\libraries\Arduino-Websocket\Arduino-Websocket.vcxitems", "{9DE6107D-E4E2-42CD-B472-5ABFE56C3808}"
EndProject
Global
	GlobalSection(SolutionConfigurationPlatforms) = preSolution
		Debug|x86 = Debug|x86
		Release|x86 = Release|x86
	EndGlobalSection
	GlobalSection(ProjectConfigurationPlatforms) = postSolution
		{C5F80730-F44F-4478-BDAE-6634EFC2CA88}.Debug|x86.ActiveCfg = Debug|Win32
		{C5F80730-F44F-4478-BDAE-6634EFC2CA88}.Debug|x86.Build.0 = Debug|Win32
		{C5F80730-F44F-4478-BDAE-6634EFC2CA88}.Release|x86.ActiveCfg = Release|Win32
		{C5F80730-F44F-4478-BDAE-6634EFC2CA88}.Release|x86.Build.0 = Release|Win32
	EndGlobalSection
	GlobalSection(SolutionProperties) = preSolution
		HideSolutionNode = FALSE
	EndGlobalSection
	GlobalSection(ExtensibilityGlobals) = postSolution
		SolutionGuid = {A8035182-A5C0-4FAC-9728-9B64DC31BF50}
	EndGlobalSection
EndGlobal
